# This file is automatically @generated by Poetry 1.8.2 and should not be changed by hand.

[[package]]
name = "pypresence"
version = "4.3.0"
description = "Discord RPC client written in Python"
optional = false
python-versions = ">=3.8"
files = [
    {file = "pypresence-4.3.0-py2.py3-none-any.whl", hash = "sha256:af878c6d49315084f1b108aec86b31915080614d9421d6dd3a44737aba9ff13f"},
    {file = "pypresence-4.3.0.tar.gz", hash = "sha256:a6191a3af33a9667f2a4ef0185577c86b962ee70aa82643c472768a6fed1fbf3"},
]

[metadata]
lock-version = "2.0"
python-versions = "^3.12"
content-hash = "371459fe0f8356feaa7cea18c45a92fc1ccdea1d209bdb71ab2854bd31c24407"
